
Microsoft Visual Studio Solution File, Format Version 12.00
# Visual Studio 15
VisualStudioVersion = 15.0.28307.902
MinimumVisualStudioVersion = 10.0.40219.1
Project("{FAE04EC0-301F-11D3-BF4B-00C04F79EFBC}") = "OrdersAPI", "OrdersAPI\OrdersAPI.csproj", "{46F92023-C027-4FC3-BAE4-1A3E16C2AC87}"
EndProject
Global
	GlobalSection(SolutionConfigurationPlatforms) = preSolution
		Debug|Any CPU = Debug|Any CPU
		Release|Any CPU = Release|Any CPU
	EndGlobalSection
	GlobalSection(ProjectConfigurationPlatforms) = postSolution
		{46F92023-C027-4FC3-BAE4-1A3E16C2AC87}.Debug|Any CPU.ActiveCfg = Debug|Any CPU
		{46F92023-C027-4FC3-BAE4-1A3E16C2AC87}.Debug|Any CPU.Build.0 = Debug|Any CPU
		{46F92023-C027-4FC3-BAE4-1A3E16C2AC87}.Release|Any CPU.ActiveCfg = Release|Any CPU
		{46F92023-C027-4FC3-BAE4-1A3E16C2AC87}.Release|Any CPU.Build.0 = Release|Any CPU
	EndGlobalSection
	GlobalSection(SolutionProperties) = preSolution
		HideSolutionNode = FALSE
	EndGlobalSection
	GlobalSection(ExtensibilityGlobals) = postSolution
		SolutionGuid = {75F79CD3-9427-4F41-93AD-464CDB59F869}
	EndGlobalSection
EndGlobal
